Microsoft Visual Studio Solution File, Format Version 12.00
# Visual Studio Version 17
VisualStudioVersion = 17.5.2.0
MinimumVisualStudioVersion = 10.0.40219.1
Project("{FAE04EC0-301F-11D3-BF4B-00C04F79EFBC}") = "Todo", "Todo.csproj", "{F2BEBB86-84FD-DB26-135C-E5D63312FA91}"
EndProject
Project("{FAE04EC0-301F-11D3-BF4B-00C04F79EFBC}") = "MyApp.Tests", "MyApp.Tests\MyApp.Tests.csproj", "{09F7A02B-488E-4671-89B6-4CB78DF0435D}"
EndProject
Global
	GlobalSection(SolutionConfigurationPlatforms) = preSolution
		Debug|Any CPU = Debug|Any CPU
		Release|Any CPU = Release|Any CPU
	EndGlobalSection
	GlobalSection(ProjectConfigurationPlatforms) = postSolution
		{F2BEBB86-84FD-DB26-135C-E5D63312FA91}.Debug|Any CPU.ActiveCfg = Debug|Any CPU
		{F2BEBB86-84FD-DB26-135C-E5D63312FA91}.Debug|Any CPU.Build.0 = Debug|Any CPU
		{F2BEBB86-84FD-DB26-135C-E5D63312FA91}.Release|Any CPU.ActiveCfg = Release|Any CPU
		{F2BEBB86-84FD-DB26-135C-E5D63312FA91}.Release|Any CPU.Build.0 = Release|Any CPU
		{09F7A02B-488E-4671-89B6-4CB78DF0435D}.Debug|Any CPU.ActiveCfg = Debug|Any CPU
		{09F7A02B-488E-4671-89B6-4CB78DF0435D}.Debug|Any CPU.Build.0 = Debug|Any CPU
		{09F7A02B-488E-4671-89B6-4CB78DF0435D}.Release|Any CPU.ActiveCfg = Release|Any CPU
		{09F7A02B-488E-4671-89B6-4CB78DF0435D}.Release|Any CPU.Build.0 = Release|Any CPU
	EndGlobalSection
	GlobalSection(SolutionProperties) = preSolution
		HideSolutionNode = FALSE
	EndGlobalSection
	GlobalSection(ExtensibilityGlobals) = postSolution
		SolutionGuid = {4E748D76-BA11-4C0E-87F6-FA2DC5CCBE30}
	EndGlobalSection
EndGlobal
